
Microsoft Visual Studio Solution File, Format Version 12.00
# Visual Studio Version 17
VisualStudioVersion = 17.5.33502.453
MinimumVisualStudioVersion = 10.0.40219.1
Project("{FAE04EC0-301F-11D3-BF4B-00C04F79EFBC}") = "SimpleFlexibleList", "SimpleFlexibleList\SimpleFlexibleList.csproj", "{E330A4D9-D858-41A5-9B3F-A1706B3532F0}"
EndProject
Global
	GlobalSection(SolutionConfigurationPlatforms) = preSolution
		Debug|Any CPU = Debug|Any CPU
		Release|Any CPU = Release|Any CPU
	EndGlobalSection
	GlobalSection(ProjectConfigurationPlatforms) = postSolution
		{E330A4D9-D858-41A5-9B3F-A1706B3532F0}.Debug|Any CPU.ActiveCfg = Debug|Any CPU
		{E330A4D9-D858-41A5-9B3F-A1706B3532F0}.Debug|Any CPU.Build.0 = Debug|Any CPU
		{E330A4D9-D858-41A5-9B3F-A1706B3532F0}.Release|Any CPU.ActiveCfg = Release|Any CPU
		{E330A4D9-D858-41A5-9B3F-A1706B3532F0}.Release|Any CPU.Build.0 = Release|Any CPU
	EndGlobalSection
	GlobalSection(SolutionProperties) = preSolution
		HideSolutionNode = FALSE
	EndGlobalSection
	GlobalSection(ExtensibilityGlobals) = postSolution
		SolutionGuid = {43348378-5339-4B3A-AE07-2F6D85264F7C}
	EndGlobalSection
EndGlobal
